// !$*UTF8*$!
{
	archiveVersion = 1;
	classes = {
	};
	objectVersion = 48;
	objects = {

/* Begin PBXBuildFile section */
		584C6FFA20A28E9F00B42ED3 /* AppDelegate.swift in Sources */ = {isa = PBXBuildFile; fileRef = 584C6FF920A28E9F00B42ED3 /* AppDelegate.swift */; };
		584C6FFC20A28E9F00B42ED3 /* MainVC.swift in Sources */ = {isa = PBXBuildFile; fileRef = 584C6FFB20A28E9F00B42ED3 /* MainVC.swift */; };
		584C6FFF20A28E9F00B42ED3 /* Main.storyboard in Resources */ = {isa = PBXBuildFile; fileRef = 584C6FFD20A28E9F00B42ED3 /* Main.storyboard */; };
		584C700220A28E9F00B42ED3 /* expanse_tracker.xcdatamodeld in Sources */ = {isa = PBXBuildFile; fileRef = 584C700020A28E9F00B42ED3 /* expanse_tracker.xcdatamodeld */; };
		584C700420A28E9F00B42ED3 /* Assets.xcassets in Resources */ = {isa = PBXBuildFile; fileRef = 584C700320A28E9F00B42ED3 /* Assets.xcassets */; };
		584C700720A28E9F00B42ED3 /* LaunchScreen.storyboard in Resources */ = {isa = PBXBuildFile; fileRef = 584C700520A28E9F00B42ED3 /* LaunchScreen.storyboard */; };
/* End PBXBuildFile section */

/* Begin PBXFileReference section */
		584C6FF620A28E9F00B42ED3 /* expanse tracker.app */ = {isa = PBXFileReference; explicitFileType = wrapper.application; includeInIndex = 0; path = "expanse tracker.app"; sourceTree = BUILT_PRODUCTS_DIR; };
		584C6FF920A28E9F00B42ED3 /* AppDelegate.swift */ = {isa = PBXFileReference; lastKnownFileType = sourcecode.swift; path = AppDelegate.swift; sourceTree = "<group>"; };
		584C6FFB20A28E9F00B42ED3 /* MainVC.swift */ = {isa = PBXFileReference; lastKnownFileType = sourcecode.swift; path = MainVC.swift; sourceTree = "<group>"; };
		584C6FFE20A28E9F00B42ED3 /* Base */ = {isa = PBXFileReference; lastKnownFileType = file.storyboard; name = Base; path = Base.lproj/Main.storyboard; sourceTree = "<group>"; };
		584C700120A28E9F00B42ED3 /* expanse_tracker.xcdatamodel */ = {isa = PBXFileReference; lastKnownFileType = wrapper.xcdatamodel; path = expanse_tracker.xcdatamodel; sourceTree = "<group>"; };
		584C700320A28E9F00B42ED3 /* Assets.xcassets */ = {isa = PBXFileReference; lastKnownFileType = folder.assetcatalog; path = Assets.xcassets; sourceTree = "<group>"; };
		584C700620A28E9F00B42ED3 /* Base */ = {isa = PBXFileReference; lastKnownFileType = file.storyboard; name = Base; path = Base.lproj/LaunchScreen.storyboard; sourceTree = "<group>"; };
		584C700820A28E9F00B42ED3 /* Info.plist */ = {isa = PBXFileReference; lastKnownFileType = text.plist.xml; path = Info.plist; sourceTree = "<group>"; };
/* End PBXFileReference section */

/* Begin PBXFrameworksBuildPhase section */
		584C6FF320A28E9F00B42ED3 /* Frameworks */ = {
			isa = PBXFrameworksBuildPhase;
			buildActionMask = 2147483647;
			files = (
			);
			runOnlyForDeploymentPostprocessing = 0;
		};
/* End PBXFrameworksBuildPhase section */

/* Begin PBXGroup section */
		584C6FED20A28E9F00B42ED3 = {
			isa = PBXGroup;
			children = (
				584C6FF820A28E9F00B42ED3 /* expanse tracker */,
				584C6FF720A28E9F00B42ED3 /* Products */,
			);
			sourceTree = "<group>";
		};
		584C6FF720A28E9F00B42ED3 /* Products */ = {
			isa = PBXGroup;
			children = (
				584C6FF620A28E9F00B42ED3 /* expanse tracker.app */,
			);
			name = Products;
			sourceTree = "<group>";
		};
		584C6FF820A28E9F00B42ED3 /* expanse tracker */ = {
			isa = PBXGroup;
			children = (
				58DACFFC20A7B9A100DA64CD /* extension */,
				58DACFFB20A7B99C00DA64CD /* enum */,
				58DACFFA20A7B92000DA64CD /* model */,
				58DACFF920A7B91A00DA64CD /* view */,
				58DACFF820A7B90900DA64CD /* controller */,
				584C6FF920A28E9F00B42ED3 /* AppDelegate.swift */,
				584C6FFD20A28E9F00B42ED3 /* Main.storyboard */,
				584C700320A28E9F00B42ED3 /* Assets.xcassets */,
				584C700520A28E9F00B42ED3 /* LaunchScreen.storyboard */,
				584C700820A28E9F00B42ED3 /* Info.plist */,
				584C700020A28E9F00B42ED3 /* expanse_tracker.xcdatamodeld */,
			);
			path = "expanse tracker";
			sourceTree = "<group>";
		};
		58DACFF820A7B90900DA64CD /* controller */ = {
			isa = PBXGroup;
			children = (
				584C6FFB20A28E9F00B42ED3 /* MainVC.swift */,
			);
			path = controller;
			sourceTree = "<group>";
		};
		58DACFF920A7B91A00DA64CD /* view */ = {
			isa = PBXGroup;
			children = (
			);
			path = view;
			sourceTree = "<group>";
		};
		58DACFFA20A7B92000DA64CD /* model */ = {
			isa = PBXGroup;
			children = (
			);
			path = model;
			sourceTree = "<group>";
		};
		58DACFFB20A7B99C00DA64CD /* enum */ = {
			isa = PBXGroup;
			children = (
			);
			path = enum;
			sourceTree = "<group>";
		};
		58DACFFC20A7B9A100DA64CD /* extension */ = {
			isa = PBXGroup;
			children = (
			);
			path = extension;
			sourceTree = "<group>";
		};
/* End PBXGroup section */

/* Begin PBXNativeTarget section */
		584C6FF520A28E9F00B42ED3 /* expanse tracker */ = {
			isa = PBXNativeTarget;
			buildConfigurationList = 584C700B20A28E9F00B42ED3 /* Build configuration list for PBXNativeTarget "expanse tracker" */;
			buildPhases = (
				584C6FF220A28E9F00B42ED3 /* Sources */,
				584C6FF320A28E9F00B42ED3 /* Frameworks */,
				584C6FF420A28E9F00B42ED3 /* Resources */,
			);
			buildRules = (
			);
			dependencies = (
			);
			name = "expanse tracker";
			productName = "expanse tracker";
			productReference = 584C6FF620A28E9F00B42ED3 /* expanse tracker.app */;
			productType = "com.apple.product-type.application";
		};
/* End PBXNativeTarget section */

/* Begin PBXProject section */
		584C6FEE20A28E9F00B42ED3 /* Project object */ = {
			isa = PBXProject;
			attributes = {
				LastSwiftUpdateCheck = 0920;
				LastUpgradeCheck = 0920;
				ORGANIZATIONNAME = "alwyn tablatin";
				TargetAttributes = {
					584C6FF520A28E9F00B42ED3 = {
						CreatedOnToolsVersion = 9.2;
						ProvisioningStyle = Automatic;
					};
				};
			};
			buildConfigurationList = 584C6FF120A28E9F00B42ED3 /* Build configuration list for PBXProject "expanse tracker" */;
			compatibilityVersion = "Xcode 8.0";
			developmentRegion = en;
			hasScannedForEncodings = 0;
			knownRegions = (
				en,
				Base,
			);
			mainGroup = 584C6FED20A28E9F00B42ED3;
			productRefGroup = 584C6FF720A28E9F00B42ED3 /* Products */;
			projectDirPath = "";
			projectRoot = "";
			targets = (
				584C6FF520A28E9F00B42ED3 /* expanse tracker */,
			);
		};
/* End PBXProject section */

/* Begin PBXResourcesBuildPhase section */
		584C6FF420A28E9F00B42ED3 /* Resources */ = {
			isa = PBXResourcesBuildPhase;
			buildActionMask = 2147483647;
			files = (
				584C700720A28E9F00B42ED3 /* LaunchScreen.storyboard in Resources */,
				584C700420A28E9F00B42ED3 /* Assets.xcassets in Resources */,
				584C6FFF20A28E9F00B42ED3 /* Main.storyboard in Resources */,
			);
			runOnlyForDeploymentPostprocessing = 0;
		};
/* End PBXResourcesBuildPhase section */

/* Begin PBXSourcesBuildPhase section */
		584C6FF220A28E9F00B42ED3 /* Sources */ = {
			isa = PBXSourcesBuildPhase;
			buildActionMask = 2147483647;
			files = (
				584C6FFC20A28E9F00B42ED3 /* MainVC.swift in Sources */,
				584C700220A28E9F00B42ED3 /* expanse_tracker.xcdatamodeld in Sources */,
				584C6FFA20A28E9F00B42ED3 /* AppDelegate.swift in Sources */,
			);
			runOnlyForDeploymentPostprocessing = 0;
		};
/* End PBXSourcesBuildPhase section */

/* Begin PBXVariantGroup section */
		584C6FFD20A28E9F00B42ED3 /* Main.storyboard */ = {
			isa = PBXVariantGroup;
			children = (
				584C6FFE20A28E9F00B42ED3 /* Base */,
			);
			name = Main.storyboard;
			sourceTree = "<group>";
		};
		584C700520A28E9F00B42ED3 /* LaunchScreen.storyboard */ = {
			isa = PBXVariantGroup;
			children = (
				584C700620A28E9F00B42ED3 /* Base */,
			);
			name = LaunchScreen.storyboard;
			sourceTree = "<group>";
		};
/* End PBXVariantGroup section */

/* Begin XCBuildConfiguration section */
		584C700920A28E9F00B42ED3 /* Debug */ = {
			isa = XCBuildConfiguration;
			buildSettings = {
				ALWAYS_SEARCH_USER_PATHS = NO;
				CLANG_ANALYZER_NONNULL = YES;
				CLANG_ANALYZER_NUMBER_OBJECT_CONVERSION = YES_AGGRESSIVE;
				CLANG_CXX_LANGUAGE_STANDARD = "gnu++14";
				CLANG_CXX_LIBRARY = "libc++";
				CLANG_ENABLE_MODULES = YES;
				CLANG_ENABLE_OBJC_ARC = YES;
				CLANG_WARN_BLOCK_CAPTURE_AUTORELEASING = YES;
				CLANG_WARN_BOOL_CONVERSION = YES;
				CLANG_WARN_COMMA = YES;
				CLANG_WARN_CONSTANT_CONVERSION = YES;
				CLANG_WARN_DIRECT_OBJC_ISA_USAGE = YES_ERROR;
				CLANG_WARN_DOCUMENTATION_COMMENTS = YES;
				CLANG_WARN_EMPTY_BODY = YES;
				CLANG_WARN_ENUM_CONVERSION = YES;
				CLANG_WARN_INFINITE_RECURSION = YES;
				CLANG_WARN_INT_CONVERSION = YES;
				CLANG_WARN_NON_LITERAL_NULL_CONVERSION = YES;
				CLANG_WARN_OBJC_LITERAL_CONVERSION = YES;
				CLANG_WARN_OBJC_ROOT_CLASS = YES_ERROR;
				CLANG_WARN_RANGE_LOOP_ANALYSIS = YES;
				CLANG_WARN_STRICT_PROTOTYPES = YES;
				CLANG_WARN_SUSPICIOUS_MOVE = YES;
				CLANG_WARN_UNGUARDED_AVAILABILITY = YES_AGGRESSIVE;
				CLANG_WARN_UNREACHABLE_CODE = YES;
				CLANG_WARN__DUPLICATE_METHOD_MATCH = YES;
				CODE_SIGN_IDENTITY = "iPhone Developer";
				COPY_PHASE_STRIP = NO;
				DEBUG_INFORMATION_FORMAT = dwarf;
				ENABLE_STRICT_OBJC_MSGSEND = YES;
				ENABLE_TESTABILITY = YES;
				GCC_C_LANGUAGE_STANDARD = gnu11;
				GCC_DYNAMIC_NO_PIC = NO;
				GCC_NO_COMMON_BLOCKS = YES;
				GCC_OPTIMIZATION_LEVEL = 0;
				GCC_PREPROCESSOR_DEFINITIONS = (
					"DEBUG=1",
					"$(inherited)",
				);
				GCC_WARN_64_TO_32_BIT_CONVERSION = YES;
				GCC_WARN_ABOUT_RETURN_TYPE = YES_ERROR;
				GCC_WARN_UNDECLARED_SELECTOR = YES;
				GCC_WARN_UNINITIALIZED_AUTOS = YES_AGGRESSIVE;
				GCC_WARN_UNUSED_FUNCTION = YES;
				GCC_WARN_UNUSED_VARIABLE = YES;
				IPHONEOS_DEPLOYMENT_TARGET = 11.2;
				MTL_ENABLE_DEBUG_INFO = YES;
				ONLY_ACTIVE_ARCH = YES;
				SDKROOT = iphoneos;
				SWIFT_ACTIVE_COMPILATION_CONDITIONS = DEBUG;
				SWIFT_OPTIMIZATION_LEVEL = "-Onone";
			};
			name = Debug;
		};
		584C700A20A28E9F00B42ED3 /* Release */ = {
			isa = XCBuildConfiguration;
			buildSettings = {
				ALWAYS_SEARCH_USER_PATHS = NO;
				CLANG_ANALYZER_NONNULL = YES;
				CLANG_ANALYZER_NUMBER_OBJECT_CONVERSION = YES_AGGRESSIVE;
				CLANG_CXX_LANGUAGE_STANDARD = "gnu++14";
				CLANG_CXX_LIBRARY = "libc++";
				CLANG_ENABLE_MODULES = YES;
				CLANG_ENABLE_OBJC_ARC = YES;
				CLANG_WARN_BLOCK_CAPTURE_AUTORELEASING = YES;
				CLANG_WARN_BOOL_CONVERSION = YES;
				CLANG_WARN_COMMA = YES;
				CLANG_WARN_CONSTANT_CONVERSION = YES;
				CLANG_WARN_DIRECT_OBJC_ISA_USAGE = YES_ERROR;
				CLANG_WARN_DOCUMENTATION_COMMENTS = YES;
				CLANG_WARN_EMPTY_BODY = YES;
				CLANG_WARN_ENUM_CONVERSION = YES;
				CLANG_WARN_INFINITE_RECURSION = YES;
				CLANG_WARN_INT_CONVERSION = YES;
				CLANG_WARN_NON_LITERAL_NULL_CONVERSION = YES;
				CLANG_WARN_OBJC_LITERAL_CONVERSION = YES;
				CLANG_WARN_OBJC_ROOT_CLASS = YES_ERROR;
				CLANG_WARN_RANGE_LOOP_ANALYSIS = YES;
				CLANG_WARN_STRICT_PROTOTYPES = YES;
				CLANG_WARN_SUSPICIOUS_MOVE = YES;
				CLANG_WARN_UNGUARDED_AVAILABILITY = YES_AGGRESSIVE;
				CLANG_WARN_UNREACHABLE_CODE = YES;
				CLANG_WARN__DUPLICATE_METHOD_MATCH = YES;
				CODE_SIGN_IDENTITY = "iPhone Developer";
				COPY_PHASE_STRIP = NO;
				DEBUG_INFORMATION_FORMAT = "dwarf-with-dsym";
				ENABLE_NS_ASSERTIONS = NO;
				ENABLE_STRICT_OBJC_MSGSEND = YES;
				GCC_C_LANGUAGE_STANDARD = gnu11;
				GCC_NO_COMMON_BLOCKS = YES;
				GCC_WARN_64_TO_32_BIT_CONVERSION = YES;
				GCC_WARN_ABOUT_RETURN_TYPE = YES_ERROR;
				GCC_WARN_UNDECLARED_SELECTOR = YES;
				GCC_WARN_UNINITIALIZED_AUTOS = YES_AGGRESSIVE;
				GCC_WARN_UNUSED_FUNCTION = YES;
				GCC_WARN_UNUSED_VARIABLE = YES;
				IPHONEOS_DEPLOYMENT_TARGET = 11.2;
				MTL_ENABLE_DEBUG_INFO = NO;
				SDKROOT = iphoneos;
				SWIFT_OPTIMIZATION_LEVEL = "-Owholemodule";
				VALIDATE_PRODUCT = YES;
			};
			name = Release;
		};
		584C700C20A28E9F00B42ED3 /* Debug */ = {
			isa = XCBuildConfiguration;
			buildSettings = {
				ASSETCATALOG_COMPILER_APPICON_NAME = AppIcon;
				CODE_SIGN_STYLE = Automatic;
				INFOPLIST_FILE = "expanse tracker/Info.plist";
				LD_RUNPATH_SEARCH_PATHS = "$(inherited) @executable_path/Frameworks";
				PRODUCT_BUNDLE_IDENTIFIER = "com.alwyntablatin.expanse-tracker";
				PRODUCT_NAME = "$(TARGET_NAME)";
				SWIFT_VERSION = 4.0;
				TARGETED_DEVICE_FAMILY = "1,2";
			};
			name = Debug;
		};
		584C700D20A28E9F00B42ED3 /* Release */ = {
			isa = XCBuildConfiguration;
			buildSettings = {
				ASSETCATALOG_COMPILER_APPICON_NAME = AppIcon;
				CODE_SIGN_STYLE = Automatic;
				INFOPLIST_FILE = "expanse tracker/Info.plist";
				LD_RUNPATH_SEARCH_PATHS = "$(inherited) @executable_path/Frameworks";
				PRODUCT_BUNDLE_IDENTIFIER = "com.alwyntablatin.expanse-tracker";
				PRODUCT_NAME = "$(TARGET_NAME)";
				SWIFT_VERSION = 4.0;
				TARGETED_DEVICE_FAMILY = "1,2";
			};
			name = Release;
		};
/* End XCBuildConfiguration section */

/* Begin XCConfigurationList section */
		584C6FF120A28E9F00B42ED3 /* Build configuration list for PBXProject "expanse tracker" */ = {
			isa = XCConfigurationList;
			buildConfigurations = (
				584C700920A28E9F00B42ED3 /* Debug */,
				584C700A20A28E9F00B42ED3 /* Release */,
			);
			defaultConfigurationIsVisible = 0;
			defaultConfigurationName = Release;
		};
		584C700B20A28E9F00B42ED3 /* Build configuration list for PBXNativeTarget "expanse tracker" */ = {
			isa = XCConfigurationList;
			buildConfigurations = (
				584C700C20A28E9F00B42ED3 /* Debug */,
				584C700D20A28E9F00B42ED3 /* Release */,
			);
			defaultConfigurationIsVisible = 0;
			defaultConfigurationName = Release;
		};
/* End XCConfigurationList section */

/* Begin XCVersionGroup section */
		584C700020A28E9F00B42ED3 /* expanse_tracker.xcdatamodeld */ = {
			isa = XCVersionGroup;
			children = (
				584C700120A28E9F00B42ED3 /* expanse_tracker.xcdatamodel */,
			);
			currentVersion = 584C700120A28E9F00B42ED3 /* expanse_tracker.xcdatamodel */;
			path = expanse_tracker.xcdatamodeld;
			sourceTree = "<group>";
			versionGroupType = wrapper.xcdatamodel;
		};
/* End XCVersionGroup section */
	};
	rootObject = 584C6FEE20A28E9F00B42ED3 /* Project object */;
}
